
Microsoft Visual Studio Solution File, Format Version 12.00
# Visual Studio 15
VisualStudioVersion = 15.0.27703.2026
MinimumVisualStudioVersion = 10.0.40219.1
Project("{FAE04EC0-301F-11D3-BF4B-00C04F79EFBC}") = "Quiron.LojaVirtual.Dominio", "Quiron.LojaVirtual.Dominio\Quiron.LojaVirtual.Dominio.csproj", "{7BD6A1ED-EA99-4416-8EBD-C1E5C9E9E94C}"
EndProject
Project("{FAE04EC0-301F-11D3-BF4B-00C04F79EFBC}") = "Quiron.LojaVirtual.Web", "Quiron.LojaVirtual.Web\Quiron.LojaVirtual.Web.csproj", "{4DCD317E-B727-429B-8A6A-A2A18B3F24C7}"
EndProject
Project("{FAE04EC0-301F-11D3-BF4B-00C04F79EFBC}") = "Quiron.LojaVirtual.UnitTest", "Quiron.LojaVirtual.UnitTest\Quiron.LojaVirtual.UnitTest.csproj", "{49731BD4-5F05-45B5-9112-EAFA418F6CB9}"
EndProject
Global
	GlobalSection(SolutionConfigurationPlatforms) = preSolution
		Debug|Any CPU = Debug|Any CPU
		Release|Any CPU = Release|Any CPU
	EndGlobalSection
	GlobalSection(ProjectConfigurationPlatforms) = postSolution
		{7BD6A1ED-EA99-4416-8EBD-C1E5C9E9E94C}.Debug|Any CPU.ActiveCfg = Debug|Any CPU
		{7BD6A1ED-EA99-4416-8EBD-C1E5C9E9E94C}.Debug|Any CPU.Build.0 = Debug|Any CPU
		{7BD6A1ED-EA99-4416-8EBD-C1E5C9E9E94C}.Release|Any CPU.ActiveCfg = Release|Any CPU
		{7BD6A1ED-EA99-4416-8EBD-C1E5C9E9E94C}.Release|Any CPU.Build.0 = Release|Any CPU
		{4DCD317E-B727-429B-8A6A-A2A18B3F24C7}.Debug|Any CPU.ActiveCfg = Debug|Any CPU
		{4DCD317E-B727-429B-8A6A-A2A18B3F24C7}.Debug|Any CPU.Build.0 = Debug|Any CPU
		{4DCD317E-B727-429B-8A6A-A2A18B3F24C7}.Release|Any CPU.ActiveCfg = Release|Any CPU
		{4DCD317E-B727-429B-8A6A-A2A18B3F24C7}.Release|Any CPU.Build.0 = Release|Any CPU
		{49731BD4-5F05-45B5-9112-EAFA418F6CB9}.Debug|Any CPU.ActiveCfg = Debug|Any CPU
		{49731BD4-5F05-45B5-9112-EAFA418F6CB9}.Debug|Any CPU.Build.0 = Debug|Any CPU
		{49731BD4-5F05-45B5-9112-EAFA418F6CB9}.Release|Any CPU.ActiveCfg = Release|Any CPU
		{49731BD4-5F05-45B5-9112-EAFA418F6CB9}.Release|Any CPU.Build.0 = Release|Any CPU
	EndGlobalSection
	GlobalSection(SolutionProperties) = preSolution
		HideSolutionNode = FALSE
	EndGlobalSection
	GlobalSection(ExtensibilityGlobals) = postSolution
		SolutionGuid = {184739CB-AD5C-4453-9A95-67EAFFF866A8}
	EndGlobalSection
EndGlobal
